
Microsoft Visual Studio Solution File, Format Version 12.00
# Visual Studio Version 16
Project("{8BC9CEB8-8B4A-11D0-8D11-00A0C91BC942}") = "Engine", "Engine\Engine.vcxproj", "{DBC7D3B0-C769-FE86-B024-12DB9C6585D7}"
EndProject
Project("{8BC9CEB8-8B4A-11D0-8D11-00A0C91BC942}") = "Minecraft", "Minecraft\Minecraft.vcxproj", "{FEA1E9E8-6A0C-9E5F-B34A-4F051FF47BB4}"
EndProject
Global
	GlobalSection(SolutionConfigurationPlatforms) = preSolution
		DEBUG|WINDOWS = DEBUG|WINDOWS
		RELEASE|WINDOWS = RELEASE|WINDOWS
	EndGlobalSection
	GlobalSection(ProjectConfigurationPlatforms) = postSolution
		{DBC7D3B0-C769-FE86-B024-12DB9C6585D7}.DEBUG|WINDOWS.ActiveCfg = DEBUG WINDOWS|x64
		{DBC7D3B0-C769-FE86-B024-12DB9C6585D7}.DEBUG|WINDOWS.Build.0 = DEBUG WINDOWS|x64
		{DBC7D3B0-C769-FE86-B024-12DB9C6585D7}.RELEASE|WINDOWS.ActiveCfg = RELEASE WINDOWS|x64
		{DBC7D3B0-C769-FE86-B024-12DB9C6585D7}.RELEASE|WINDOWS.Build.0 = RELEASE WINDOWS|x64
		{FEA1E9E8-6A0C-9E5F-B34A-4F051FF47BB4}.DEBUG|WINDOWS.ActiveCfg = DEBUG WINDOWS|x64
		{FEA1E9E8-6A0C-9E5F-B34A-4F051FF47BB4}.DEBUG|WINDOWS.Build.0 = DEBUG WINDOWS|x64
		{FEA1E9E8-6A0C-9E5F-B34A-4F051FF47BB4}.RELEASE|WINDOWS.ActiveCfg = RELEASE WINDOWS|x64
		{FEA1E9E8-6A0C-9E5F-B34A-4F051FF47BB4}.RELEASE|WINDOWS.Build.0 = RELEASE WINDOWS|x64
	EndGlobalSection
	GlobalSection(SolutionProperties) = preSolution
		HideSolutionNode = FALSE
	EndGlobalSection
EndGlobal
